
Microsoft Visual Studio Solution File, Format Version 12.00
# Visual Studio 14
VisualStudioVersion = 14.0.23107.0
MinimumVisualStudioVersion = 10.0.40219.1
Project("{8BC9CEB8-8B4A-11D0-8D11-00A0C91BC942}") = "game", "game.vcxproj", "{DDD280D7-4B85-4B03-BBC4-C46CA9BECCCB}"
EndProject
Project("{54435603-DBB4-11D2-8724-00A0C9A8B90C}") = "mygame", "..\mygame\mygame.vdproj", "{D45AD217-4DE6-4EB5-827A-96AAF568DBFB}"
EndProject
Project("{54435603-DBB4-11D2-8724-00A0C9A8B90C}") = "hiddenintheplainsight", "..\hiddenintheplainsight\hiddenintheplainsight.vdproj", "{E15306C0-92AE-45D9-955D-64ABA66999F9}"
EndProject
Global
	GlobalSection(SolutionConfigurationPlatforms) = preSolution
		Debug|Win32 = Debug|Win32
		Release|Win32 = Release|Win32
	EndGlobalSection
	GlobalSection(ProjectConfigurationPlatforms) = postSolution
		{DDD280D7-4B85-4B03-BBC4-C46CA9BECCCB}.Debug|Win32.ActiveCfg = Debug|Win32
		{DDD280D7-4B85-4B03-BBC4-C46CA9BECCCB}.Debug|Win32.Build.0 = Debug|Win32
		{DDD280D7-4B85-4B03-BBC4-C46CA9BECCCB}.Release|Win32.ActiveCfg = Release|Win32
		{DDD280D7-4B85-4B03-BBC4-C46CA9BECCCB}.Release|Win32.Build.0 = Release|Win32
		{D45AD217-4DE6-4EB5-827A-96AAF568DBFB}.Debug|Win32.ActiveCfg = Debug
		{D45AD217-4DE6-4EB5-827A-96AAF568DBFB}.Release|Win32.ActiveCfg = Release
		{E15306C0-92AE-45D9-955D-64ABA66999F9}.Debug|Win32.ActiveCfg = Debug
		{E15306C0-92AE-45D9-955D-64ABA66999F9}.Release|Win32.ActiveCfg = Release
	EndGlobalSection
	GlobalSection(SolutionProperties) = preSolution
		HideSolutionNode = FALSE
	EndGlobalSection
EndGlobal
